// !$*UTF8*$!
{
	archiveVersion = 1;
	classes = {
	};
	objectVersion = 46;
	objects = {

/* Begin PBXBuildFile section */
		04E3210BCB15320206618A41 /* Pods_FireBotsTests.framework in Frameworks */ = {isa = PBXBuildFile; fileRef = BC2B6F008FF6956717CC4116 /* Pods_FireBotsTests.framework */; };
		1F8798331F998E3D56D094EF /* Pods_FireBotsUITests.framework in Frameworks */ = {isa = PBXBuildFile; fileRef = 1AE94F6A664AAACE401C36AF /* Pods_FireBotsUITests.framework */; };
		58F478A350A9E464D3691B9F /* Pods_FireBots.framework in Frameworks */ = {isa = PBXBuildFile; fileRef = 4B729381B94A41F5B402E2F5 /* Pods_FireBots.framework */; };
		8487FB851F7DF60700D9A104 /* GoogleService-Info.plist in Resources */ = {isa = PBXBuildFile; fileRef = 8487FB841F7DF60700D9A104 /* GoogleService-Info.plist */; };
		8487FB891F7DF91800D9A104 /* SplashScreenViewController.swift in Sources */ = {isa = PBXBuildFile; fileRef = 8487FB881F7DF91800D9A104 /* SplashScreenViewController.swift */; };
		8487FB8B1F7DF92F00D9A104 /* MainViewController.swift in Sources */ = {isa = PBXBuildFile; fileRef = 8487FB8A1F7DF92F00D9A104 /* MainViewController.swift */; };
		8487FB901F7DFA8F00D9A104 /* Login.storyboard in Resources */ = {isa = PBXBuildFile; fileRef = 8487FB8F1F7DFA8F00D9A104 /* Login.storyboard */; };
		8487FB941F7DFAEE00D9A104 /* LoginViewController.swift in Sources */ = {isa = PBXBuildFile; fileRef = 8487FB921F7DFAEE00D9A104 /* LoginViewController.swift */; };
		8487FBA81F7DFD4F00D9A104 /* Date+ISO.swift in Sources */ = {isa = PBXBuildFile; fileRef = 8487FB961F7DFD4F00D9A104 /* Date+ISO.swift */; };
		8487FBA91F7DFD4F00D9A104 /* Date+Localized.swift in Sources */ = {isa = PBXBuildFile; fileRef = 8487FB971F7DFD4F00D9A104 /* Date+Localized.swift */; };
		8487FBAA1F7DFD4F00D9A104 /* Int+Localised.swift in Sources */ = {isa = PBXBuildFile; fileRef = 8487FB981F7DFD4F00D9A104 /* Int+Localised.swift */; };
		8487FBAB1F7DFD4F00D9A104 /* PHPhotoLibrary+SaveImage.swift in Sources */ = {isa = PBXBuildFile; fileRef = 8487FB991F7DFD4F00D9A104 /* PHPhotoLibrary+SaveImage.swift */; };
		8487FBAD1F7DFD4F00D9A104 /* UIColor+Hex.swift in Sources */ = {isa = PBXBuildFile; fileRef = 8487FB9B1F7DFD4F00D9A104 /* UIColor+Hex.swift */; };
		8487FBAE1F7DFD4F00D9A104 /* UIColor+Image.swift in Sources */ = {isa = PBXBuildFile; fileRef = 8487FB9C1F7DFD4F00D9A104 /* UIColor+Image.swift */; };
		8487FBAF1F7DFD4F00D9A104 /* UIImage+Alpha.swift in Sources */ = {isa = PBXBuildFile; fileRef = 8487FB9D1F7DFD4F00D9A104 /* UIImage+Alpha.swift */; };
		8487FBB01F7DFD4F00D9A104 /* UIImage+Crop.swift in Sources */ = {isa = PBXBuildFile; fileRef = 8487FB9E1F7DFD4F00D9A104 /* UIImage+Crop.swift */; };
		8487FBB11F7DFD4F00D9A104 /* UIImage+Gif.swift in Sources */ = {isa = PBXBuildFile; fileRef = 8487FB9F1F7DFD4F00D9A104 /* UIImage+Gif.swift */; };
		8487FBB21F7DFD4F00D9A104 /* UIImage+Resize.swift in Sources */ = {isa = PBXBuildFile; fileRef = 8487FBA01F7DFD4F00D9A104 /* UIImage+Resize.swift */; };
		8487FBB31F7DFD4F00D9A104 /* UIImageView+Download.swift in Sources */ = {isa = PBXBuildFile; fileRef = 8487FBA11F7DFD4F00D9A104 /* UIImageView+Download.swift */; };
		8487FBB41F7DFD4F00D9A104 /* UIImageView+FIRStorageCache.swift in Sources */ = {isa = PBXBuildFile; fileRef = 8487FBA21F7DFD4F00D9A104 /* UIImageView+FIRStorageCache.swift */; };
		8487FBB51F7DFD4F00D9A104 /* UIView+Rotate.swift in Sources */ = {isa = PBXBuildFile; fileRef = 8487FBA31F7DFD4F00D9A104 /* UIView+Rotate.swift */; };
		8487FBB61F7DFD4F00D9A104 /* UIViewController+Alert.swift in Sources */ = {isa = PBXBuildFile; fileRef = 8487FBA41F7DFD4F00D9A104 /* UIViewController+Alert.swift */; };
		8487FBB71F7DFD4F00D9A104 /* UIViewController+Keyboard.swift in Sources */ = {isa = PBXBuildFile; fileRef = 8487FBA51F7DFD4F00D9A104 /* UIViewController+Keyboard.swift */; };
		8487FBB81F7DFD4F00D9A104 /* UIViewController+MainViewController.swift in Sources */ = {isa = PBXBuildFile; fileRef = 8487FBA61F7DFD4F00D9A104 /* UIViewController+MainViewController.swift */; };
		8487FBB91F7DFD4F00D9A104 /* UIViewController+OpenMap.swift in Sources */ = {isa = PBXBuildFile; fileRef = 8487FBA71F7DFD4F00D9A104 /* UIViewController+OpenMap.swift */; };
		8487FBC31F7E027A00D9A104 /* Button.swift in Sources */ = {isa = PBXBuildFile; fileRef = 8487FBBC1F7E027A00D9A104 /* Button.swift */; };
		8487FBC41F7E027A00D9A104 /* CheckboxButton.swift in Sources */ = {isa = PBXBuildFile; fileRef = 8487FBBD1F7E027A00D9A104 /* CheckboxButton.swift */; };
		8487FBC51F7E027A00D9A104 /* CircleImageView.swift in Sources */ = {isa = PBXBuildFile; fileRef = 8487FBBE1F7E027A00D9A104 /* CircleImageView.swift */; };
		8487FBC61F7E027A00D9A104 /* FormView.swift in Sources */ = {isa = PBXBuildFile; fileRef = 8487FBBF1F7E027A00D9A104 /* FormView.swift */; };
		8487FBC71F7E027A00D9A104 /* PaddingLabel.swift in Sources */ = {isa = PBXBuildFile; fileRef = 8487FBC01F7E027A00D9A104 /* PaddingLabel.swift */; };
		8487FBC81F7E027A00D9A104 /* TextField.swift in Sources */ = {isa = PBXBuildFile; fileRef = 8487FBC11F7E027A00D9A104 /* TextField.swift */; };
		8487FBC91F7E027A00D9A104 /* TextFieldValidation.swift in Sources */ = {isa = PBXBuildFile; fileRef = 8487FBC21F7E027A00D9A104 /* TextFieldValidation.swift */; };
		8487FBCD1F7E02B100D9A104 /* Constants.swift in Sources */ = {isa = PBXBuildFile; fileRef = 8487FBCA1F7E02B100D9A104 /* Constants.swift */; };
		8487FBCE1F7E02B100D9A104 /* FIRStorageCache.swift in Sources */ = {isa = PBXBuildFile; fileRef = 8487FBCB1F7E02B100D9A104 /* FIRStorageCache.swift */; };
		8487FBCF1F7E02B100D9A104 /* Style.swift in Sources */ = {isa = PBXBuildFile; fileRef = 8487FBCC1F7E02B100D9A104 /* Style.swift */; };
		8487FBD51F7E032A00D9A104 /* FBChatroom.swift in Sources */ = {isa = PBXBuildFile; fileRef = 8487FBD21F7E032A00D9A104 /* FBChatroom.swift */; };
		8487FBD61F7E032A00D9A104 /* FBConstant.swift in Sources */ = {isa = PBXBuildFile; fileRef = 8487FBD31F7E032A00D9A104 /* FBConstant.swift */; };
		8487FBD71F7E032A00D9A104 /* FBUser.swift in Sources */ = {isa = PBXBuildFile; fileRef = 8487FBD41F7E032A00D9A104 /* FBUser.swift */; };
		8487FBDB1F7E037500D9A104 /* InputValidation.swift in Sources */ = {isa = PBXBuildFile; fileRef = 8487FBD91F7E037500D9A104 /* InputValidation.swift */; };
		8487FBDC1F7E037500D9A104 /* ValidationOption.swift in Sources */ = {isa = PBXBuildFile; fileRef = 8487FBDA1F7E037500D9A104 /* ValidationOption.swift */; };
		8487FBE11F7E03CE00D9A104 /* User.swift in Sources */ = {isa = PBXBuildFile; fileRef = 8487FBDF1F7E03CE00D9A104 /* User.swift */; };
		8487FBED1F7E15BA00D9A104 /* Chat.storyboard in Resources */ = {isa = PBXBuildFile; fileRef = 8487FBE31F7E15BA00D9A104 /* Chat.storyboard */; };
		8487FBEE1F7E15BA00D9A104 /* ChatGalleryDataSource.swift in Sources */ = {isa = PBXBuildFile; fileRef = 8487FBE41F7E15BA00D9A104 /* ChatGalleryDataSource.swift */; };
		8487FBEF1F7E15BA00D9A104 /* ChatroomCell.swift in Sources */ = {isa = PBXBuildFile; fileRef = 8487FBE51F7E15BA00D9A104 /* ChatroomCell.swift */; };
		8487FBF01F7E15BA00D9A104 /* ChatroomViewController.swift in Sources */ = {isa = PBXBuildFile; fileRef = 8487FBE61F7E15BA00D9A104 /* ChatroomViewController.swift */; };
		8487FBF11F7E15BA00D9A104 /* ChatViewController.swift in Sources */ = {isa = PBXBuildFile; fileRef = 8487FBE71F7E15BA00D9A104 /* ChatViewController.swift */; };
		8487FBF51F7E15BA00D9A104 /* Message.swift in Sources */ = {isa = PBXBuildFile; fileRef = 8487FBEB1F7E15BA00D9A104 /* Message.swift */; };
		8487FBF61F7E15BA00D9A104 /* PhotoMediaItem.swift in Sources */ = {isa = PBXBuildFile; fileRef = 8487FBEC1F7E15BA00D9A104 /* PhotoMediaItem.swift */; };
		8487FBF91F7E2EE400D9A104 /* SplashScreen.storyboard in Resources */ = {isa = PBXBuildFile; fileRef = 8487FBF71F7E2EE400D9A104 /* SplashScreen.storyboard */; };
		84A6B6501F7DEE9700FD7575 /* AppDelegate.swift in Sources */ = {isa = PBXBuildFile; fileRef = 84A6B64F1F7DEE9700FD7575 /* AppDelegate.swift */; };
		84A6B6571F7DEE9700FD7575 /* Assets.xcassets in Resources */ = {isa = PBXBuildFile; fileRef = 84A6B6561F7DEE9700FD7575 /* Assets.xcassets */; };
		84A6B65A1F7DEE9700FD7575 /* LaunchScreen.storyboard in Resources */ = {isa = PBXBuildFile; fileRef = 84A6B6581F7DEE9700FD7575 /* LaunchScreen.storyboard */; };
		84A6B6651F7DEE9700FD7575 /* FireBotsTests.swift in Sources */ = {isa = PBXBuildFile; fileRef = 84A6B6641F7DEE9700FD7575 /* FireBotsTests.swift */; };
		84A6B6701F7DEE9700FD7575 /* FireBotsUITests.swift in Sources */ = {isa = PBXBuildFile; fileRef = 84A6B66F1F7DEE9700FD7575 /* FireBotsUITests.swift */; };
/* End PBXBuildFile section */

/* Begin PBXContainerItemProxy section */
		84A6B6611F7DEE9700FD7575 /* PBXContainerItemProxy */ = {
			isa = PBXContainerItemProxy;
			containerPortal = 84A6B6441F7DEE9700FD7575 /* Project object */;
			proxyType = 1;
			remoteGlobalIDString = 84A6B64B1F7DEE9700FD7575;
			remoteInfo = FireBots;
		};
		84A6B66C1F7DEE9700FD7575 /* PBXContainerItemProxy */ = {
			isa = PBXContainerItemProxy;
			containerPortal = 84A6B6441F7DEE9700FD7575 /* Project object */;
			proxyType = 1;
			remoteGlobalIDString = 84A6B64B1F7DEE9700FD7575;
			remoteInfo = FireBots;
		};
/* End PBXContainerItemProxy section */

/* Begin PBXFileReference section */
		1230600C4D99F283689A806C /* Pods-FireBots.debug.xcconfig */ = {isa = PBXFileReference; includeInIndex = 1; lastKnownFileType = text.xcconfig; name = "Pods-FireBots.debug.xcconfig"; path = "Pods/Target Support Files/Pods-FireBots/Pods-FireBots.debug.xcconfig"; sourceTree = "<group>"; };
		1AE94F6A664AAACE401C36AF /* Pods_FireBotsUITests.framework */ = {isa = PBXFileReference; explicitFileType = wrapper.framework; includeInIndex = 0; path = Pods_FireBotsUITests.framework; sourceTree = BUILT_PRODUCTS_DIR; };
		1B3A0B231511C729A0359CF4 /* Pods-FireBots.release.xcconfig */ = {isa = PBXFileReference; includeInIndex = 1; lastKnownFileType = text.xcconfig; name = "Pods-FireBots.release.xcconfig"; path = "Pods/Target Support Files/Pods-FireBots/Pods-FireBots.release.xcconfig"; sourceTree = "<group>"; };
		4B729381B94A41F5B402E2F5 /* Pods_FireBots.framework */ = {isa = PBXFileReference; explicitFileType = wrapper.framework; includeInIndex = 0; path = Pods_FireBots.framework; sourceTree = BUILT_PRODUCTS_DIR; };
		56D004A1C65A597AB089E40F /* Pods-FireBotsUITests.debug.xcconfig */ = {isa = PBXFileReference; includeInIndex = 1; lastKnownFileType = text.xcconfig; name = "Pods-FireBotsUITests.debug.xcconfig"; path = "Pods/Target Support Files/Pods-FireBotsUITests/Pods-FireBotsUITests.debug.xcconfig"; sourceTree = "<group>"; };
		76883BB52037149E8E3E3465 /* Pods-FireBotsUITests.release.xcconfig */ = {isa = PBXFileReference; includeInIndex = 1; lastKnownFileType = text.xcconfig; name = "Pods-FireBotsUITests.release.xcconfig"; path = "Pods/Target Support Files/Pods-FireBotsUITests/Pods-FireBotsUITests.release.xcconfig"; sourceTree = "<group>"; };
		7B034E6496764C1DF3CB0525 /* Pods-FireBotsTests.debug.xcconfig */ = {isa = PBXFileReference; includeInIndex = 1; lastKnownFileType = text.xcconfig; name = "Pods-FireBotsTests.debug.xcconfig"; path = "Pods/Target Support Files/Pods-FireBotsTests/Pods-FireBotsTests.debug.xcconfig"; sourceTree = "<group>"; };
		8487FB841F7DF60700D9A104 /* GoogleService-Info.plist */ = {isa = PBXFileReference; fileEncoding = 4; lastKnownFileType = text.plist.xml; path = "GoogleService-Info.plist"; sourceTree = SOURCE_ROOT; };
		8487FB881F7DF91800D9A104 /* SplashScreenViewController.swift */ = {isa = PBXFileReference; fileEncoding = 4; lastKnownFileType = sourcecode.swift; path = SplashScreenViewController.swift; sourceTree = "<group>"; };
		8487FB8A1F7DF92F00D9A104 /* MainViewController.swift */ = {isa = PBXFileReference; fileEncoding = 4; lastKnownFileType = sourcecode.swift; path = MainViewController.swift; sourceTree = "<group>"; };
		8487FB8F1F7DFA8F00D9A104 /* Login.storyboard */ = {isa = PBXFileReference; fileEncoding = 4; lastKnownFileType = file.storyboard; path = Login.storyboard; sourceTree = "<group>"; };
		8487FB921F7DFAEE00D9A104 /* LoginViewController.swift */ = {isa = PBXFileReference; fileEncoding = 4; lastKnownFileType = sourcecode.swift; path = LoginViewController.swift; sourceTree = "<group>"; };
		8487FB961F7DFD4F00D9A104 /* Date+ISO.swift */ = {isa = PBXFileReference; fileEncoding = 4; lastKnownFileType = sourcecode.swift; name = "Date+ISO.swift"; path = "Extensions/Date+ISO.swift"; sourceTree = "<group>"; };
		8487FB971F7DFD4F00D9A104 /* Date+Localized.swift */ = {isa = PBXFileReference; fileEncoding = 4; lastKnownFileType = sourcecode.swift; name = "Date+Localized.swift"; path = "Extensions/Date+Localized.swift"; sourceTree = "<group>"; };
		8487FB981F7DFD4F00D9A104 /* Int+Localised.swift */ = {isa = PBXFileReference; fileEncoding = 4; lastKnownFileType = sourcecode.swift; name = "Int+Localised.swift"; path = "Extensions/Int+Localised.swift"; sourceTree = "<group>"; };
		8487FB991F7DFD4F00D9A104 /* PHPhotoLibrary+SaveImage.swift */ = {isa = PBXFileReference; fileEncoding = 4; lastKnownFileType = sourcecode.swift; name = "PHPhotoLibrary+SaveImage.swift"; path = "Extensions/PHPhotoLibrary+SaveImage.swift"; sourceTree = "<group>"; };
		8487FB9B1F7DFD4F00D9A104 /* UIColor+Hex.swift */ = {isa = PBXFileReference; fileEncoding = 4; lastKnownFileType = sourcecode.swift; name = "UIColor+Hex.swift"; path = "Extensions/UIColor+Hex.swift"; sourceTree = "<group>"; };
		8487FB9C1F7DFD4F00D9A104 /* UIColor+Image.swift */ = {isa = PBXFileReference; fileEncoding = 4; lastKnownFileType = sourcecode.swift; name = "UIColor+Image.swift"; path = "Extensions/UIColor+Image.swift"; sourceTree = "<group>"; };
		8487FB9D1F7DFD4F00D9A104 /* UIImage+Alpha.swift */ = {isa = PBXFileReference; fileEncoding = 4; lastKnownFileType = sourcecode.swift; name = "UIImage+Alpha.swift"; path = "Extensions/UIImage+Alpha.swift"; sourceTree = "<group>"; };
		8487FB9E1F7DFD4F00D9A104 /* UIImage+Crop.swift */ = {isa = PBXFileReference; fileEncoding = 4; lastKnownFileType = sourcecode.swift; name = "UIImage+Crop.swift"; path = "Extensions/UIImage+Crop.swift"; sourceTree = "<group>"; };
		8487FB9F1F7DFD4F00D9A104 /* UIImage+Gif.swift */ = {isa = PBXFileReference; fileEncoding = 4; lastKnownFileType = sourcecode.swift; name = "UIImage+Gif.swift"; path = "Extensions/UIImage+Gif.swift"; sourceTree = "<group>"; };
		8487FBA01F7DFD4F00D9A104 /* UIImage+Resize.swift */ = {isa = PBXFileReference; fileEncoding = 4; lastKnownFileType = sourcecode.swift; name = "UIImage+Resize.swift"; path = "Extensions/UIImage+Resize.swift"; sourceTree = "<group>"; };
		8487FBA11F7DFD4F00D9A104 /* UIImageView+Download.swift */ = {isa = PBXFileReference; fileEncoding = 4; lastKnownFileType = sourcecode.swift; name = "UIImageView+Download.swift"; path = "Extensions/UIImageView+Download.swift"; sourceTree = "<group>"; };
		8487FBA21F7DFD4F00D9A104 /* UIImageView+FIRStorageCache.swift */ = {isa = PBXFileReference; fileEncoding = 4; lastKnownFileType = sourcecode.swift; name = "UIImageView+FIRStorageCache.swift"; path = "Extensions/UIImageView+FIRStorageCache.swift"; sourceTree = "<group>"; };
		8487FBA31F7DFD4F00D9A104 /* UIView+Rotate.swift */ = {isa = PBXFileReference; fileEncoding = 4; lastKnownFileType = sourcecode.swift; name = "UIView+Rotate.swift"; path = "Extensions/UIView+Rotate.swift"; sourceTree = "<group>"; };
		8487FBA41F7DFD4F00D9A104 /* UIViewController+Alert.swift */ = {isa = PBXFileReference; fileEncoding = 4; lastKnownFileType = sourcecode.swift; name = "UIViewController+Alert.swift"; path = "Extensions/UIViewController+Alert.swift"; sourceTree = "<group>"; };
		8487FBA51F7DFD4F00D9A104 /* UIViewController+Keyboard.swift */ = {isa = PBXFileReference; fileEncoding = 4; lastKnownFileType = sourcecode.swift; name = "UIViewController+Keyboard.swift"; path = "Extensions/UIViewController+Keyboard.swift"; sourceTree = "<group>"; };
		8487FBA61F7DFD4F00D9A104 /* UIViewController+MainViewController.swift */ = {isa = PBXFileReference; fileEncoding = 4; lastKnownFileType = sourcecode.swift; name = "UIViewController+MainViewController.swift"; path = "Extensions/UIViewController+MainViewController.swift"; sourceTree = "<group>"; };
		8487FBA71F7DFD4F00D9A104 /* UIViewController+OpenMap.swift */ = {isa = PBXFileReference; fileEncoding = 4; lastKnownFileType = sourcecode.swift; name = "UIViewController+OpenMap.swift"; path = "Extensions/UIViewController+OpenMap.swift"; sourceTree = "<group>"; };
		8487FBBC1F7E027A00D9A104 /* Button.swift */ = {isa = PBXFileReference; fileEncoding = 4; lastKnownFileType = sourcecode.swift; name = Button.swift; path = Views/Button.swift; sourceTree = "<group>"; };
		8487FBBD1F7E027A00D9A104 /* CheckboxButton.swift */ = {isa = PBXFileReference; fileEncoding = 4; lastKnownFileType = sourcecode.swift; name = CheckboxButton.swift; path = Views/CheckboxButton.swift; sourceTree = "<group>"; };
		8487FBBE1F7E027A00D9A104 /* CircleImageView.swift */ = {isa = PBXFileReference; fileEncoding = 4; lastKnownFileType = sourcecode.swift; name = CircleImageView.swift; path = Views/CircleImageView.swift; sourceTree = "<group>"; };
		8487FBBF1F7E027A00D9A104 /* FormView.swift */ = {isa = PBXFileReference; fileEncoding = 4; lastKnownFileType = sourcecode.swift; name = FormView.swift; path = Views/FormView.swift; sourceTree = "<group>"; };
		8487FBC01F7E027A00D9A104 /* PaddingLabel.swift */ = {isa = PBXFileReference; fileEncoding = 4; lastKnownFileType = sourcecode.swift; name = PaddingLabel.swift; path = Views/PaddingLabel.swift; sourceTree = "<group>"; };
		8487FBC11F7E027A00D9A104 /* TextField.swift */ = {isa = PBXFileReference; fileEncoding = 4; lastKnownFileType = sourcecode.swift; name = TextField.swift; path = Views/TextField.swift; sourceTree = "<group>"; };
		8487FBC21F7E027A00D9A104 /* TextFieldValidation.swift */ = {isa = PBXFileReference; fileEncoding = 4; lastKnownFileType = sourcecode.swift; name = TextFieldValidation.swift; path = Views/TextFieldValidation.swift; sourceTree = "<group>"; };
		8487FBCA1F7E02B100D9A104 /* Constants.swift */ = {isa = PBXFileReference; fileEncoding = 4; lastKnownFileType = sourcecode.swift; path = Constants.swift; sourceTree = "<group>"; };
		8487FBCB1F7E02B100D9A104 /* FIRStorageCache.swift */ = {isa = PBXFileReference; fileEncoding = 4; lastKnownFileType = sourcecode.swift; path = FIRStorageCache.swift; sourceTree = "<group>"; };
		8487FBCC1F7E02B100D9A104 /* Style.swift */ = {isa = PBXFileReference; fileEncoding = 4; lastKnownFileType = sourcecode.swift; path = Style.swift; sourceTree = "<group>"; };
		8487FBD01F7E02F000D9A104 /* BebasNeue.otf */ = {isa = PBXFileReference; lastKnownFileType = file; path = BebasNeue.otf; sourceTree = "<group>"; };
		8487FBD21F7E032A00D9A104 /* FBChatroom.swift */ = {isa = PBXFileReference; fileEncoding = 4; lastKnownFileType = sourcecode.swift; name = FBChatroom.swift; path = Firebase/FBChatroom.swift; sourceTree = "<group>"; };
		8487FBD31F7E032A00D9A104 /* FBConstant.swift */ = {isa = PBXFileReference; fileEncoding = 4; lastKnownFileType = sourcecode.swift; name = FBConstant.swift; path = Firebase/FBConstant.swift; sourceTree = "<group>"; };
		8487FBD41F7E032A00D9A104 /* FBUser.swift */ = {isa = PBXFileReference; fileEncoding = 4; lastKnownFileType = sourcecode.swift; name = FBUser.swift; path = Firebase/FBUser.swift; sourceTree = "<group>"; };
		8487FBD91F7E037500D9A104 /* InputValidation.swift */ = {isa = PBXFileReference; fileEncoding = 4; lastKnownFileType = sourcecode.swift; name = InputValidation.swift; path = Validations/InputValidation.swift; sourceTree = "<group>"; };
		8487FBDA1F7E037500D9A104 /* ValidationOption.swift */ = {isa = PBXFileReference; fileEncoding = 4; lastKnownFileType = sourcecode.swift; name = ValidationOption.swift; path = Validations/ValidationOption.swift; sourceTree = "<group>"; };
		8487FBDF1F7E03CE00D9A104 /* User.swift */ = {isa = PBXFileReference; fileEncoding = 4; lastKnownFileType = sourcecode.swift; name = User.swift; path = Models/User.swift; sourceTree = "<group>"; };
		8487FBE31F7E15BA00D9A104 /* Chat.storyboard */ = {isa = PBXFileReference; fileEncoding = 4; lastKnownFileType = file.storyboard; name = Chat.storyboard; path = Chat/Chat.storyboard; sourceTree = "<group>"; };
		8487FBE41F7E15BA00D9A104 /* ChatGalleryDataSource.swift */ = {isa = PBXFileReference; fileEncoding = 4; lastKnownFileType = sourcecode.swift; name = ChatGalleryDataSource.swift; path = Chat/ChatGalleryDataSource.swift; sourceTree = "<group>"; };
		8487FBE51F7E15BA00D9A104 /* ChatroomCell.swift */ = {isa = PBXFileReference; fileEncoding = 4; lastKnownFileType = sourcecode.swift; name = ChatroomCell.swift; path = Chat/ChatroomCell.swift; sourceTree = "<group>"; };
		8487FBE61F7E15BA00D9A104 /* ChatroomViewController.swift */ = {isa = PBXFileReference; fileEncoding = 4; lastKnownFileType = sourcecode.swift; name = ChatroomViewController.swift; path = Chat/ChatroomViewController.swift; sourceTree = "<group>"; };
		8487FBE71F7E15BA00D9A104 /* ChatViewController.swift */ = {isa = PBXFileReference; fileEncoding = 4; lastKnownFileType = sourcecode.swift; name = ChatViewController.swift; path = Chat/ChatViewController.swift; sourceTree = "<group>"; };
		8487FBEB1F7E15BA00D9A104 /* Message.swift */ = {isa = PBXFileReference; fileEncoding = 4; lastKnownFileType = sourcecode.swift; name = Message.swift; path = Chat/Message.swift; sourceTree = "<group>"; };
		8487FBEC1F7E15BA00D9A104 /* PhotoMediaItem.swift */ = {isa = PBXFileReference; fileEncoding = 4; lastKnownFileType = sourcecode.swift; name = PhotoMediaItem.swift; path = Chat/PhotoMediaItem.swift; sourceTree = "<group>"; };
		8487FBF81F7E2EE400D9A104 /* Base */ = {isa = PBXFileReference; lastKnownFileType = file.storyboard; name = Base; path = Base.lproj/SplashScreen.storyboard; sourceTree = "<group>"; };
		84A6B64C1F7DEE9700FD7575 /* FireBots.app */ = {isa = PBXFileReference; explicitFileType = wrapper.application; includeInIndex = 0; path = FireBots.app; sourceTree = BUILT_PRODUCTS_DIR; };
		84A6B64F1F7DEE9700FD7575 /* AppDelegate.swift */ = {isa = PBXFileReference; lastKnownFileType = sourcecode.swift; path = AppDelegate.swift; sourceTree = "<group>"; };
		84A6B6561F7DEE9700FD7575 /* Assets.xcassets */ = {isa = PBXFileReference; lastKnownFileType = folder.assetcatalog; path = Assets.xcassets; sourceTree = "<group>"; };
		84A6B6591F7DEE9700FD7575 /* Base */ = {isa = PBXFileReference; lastKnownFileType = file.storyboard; name = Base; path = Base.lproj/LaunchScreen.storyboard; sourceTree = "<group>"; };
		84A6B65B1F7DEE9700FD7575 /* Info.plist */ = {isa = PBXFileReference; lastKnownFileType = text.plist.xml; path = Info.plist; sourceTree = "<group>"; };
		84A6B6601F7DEE9700FD7575 /* FireBotsTests.xctest */ = {isa = PBXFileReference; explicitFileType = wrapper.cfbundle; includeInIndex = 0; path = FireBotsTests.xctest; sourceTree = BUILT_PRODUCTS_DIR; };
		84A6B6641F7DEE9700FD7575 /* FireBotsTests.swift */ = {isa = PBXFileReference; lastKnownFileType = sourcecode.swift; path = FireBotsTests.swift; sourceTree = "<group>"; };
		84A6B6661F7DEE9700FD7575 /* Info.plist */ = {isa = PBXFileReference; lastKnownFileType = text.plist.xml; path = Info.plist; sourceTree = "<group>"; };
		84A6B66B1F7DEE9700FD7575 /* FireBotsUITests.xctest */ = {isa = PBXFileReference; explicitFileType = wrapper.cfbundle; includeInIndex = 0; path = FireBotsUITests.xctest; sourceTree = BUILT_PRODUCTS_DIR; };
		84A6B66F1F7DEE9700FD7575 /* FireBotsUITests.swift */ = {isa = PBXFileReference; lastKnownFileType = sourcecode.swift; path = FireBotsUITests.swift; sourceTree = "<group>"; };
		84A6B6711F7DEE9700FD7575 /* Info.plist */ = {isa = PBXFileReference; lastKnownFileType = text.plist.xml; path = Info.plist; sourceTree = "<group>"; };
		BC2B6F008FF6956717CC4116 /* Pods_FireBotsTests.framework */ = {isa = PBXFileReference; explicitFileType = wrapper.framework; includeInIndex = 0; path = Pods_FireBotsTests.framework; sourceTree = BUILT_PRODUCTS_DIR; };
		F0872C549F137510FED1C422 /* Pods-FireBotsTests.release.xcconfig */ = {isa = PBXFileReference; includeInIndex = 1; lastKnownFileType = text.xcconfig; name = "Pods-FireBotsTests.release.xcconfig"; path = "Pods/Target Support Files/Pods-FireBotsTests/Pods-FireBotsTests.release.xcconfig"; sourceTree = "<group>"; };
/* End PBXFileReference section */

/* Begin PBXFrameworksBuildPhase section */
		84A6B6491F7DEE9700FD7575 /* Frameworks */ = {
			isa = PBXFrameworksBuildPhase;
			buildActionMask = 2147483647;
			files = (
				58F478A350A9E464D3691B9F /* Pods_FireBots.framework in Frameworks */,
			);
			runOnlyForDeploymentPostprocessing = 0;
		};
		84A6B65D1F7DEE9700FD7575 /* Frameworks */ = {
			isa = PBXFrameworksBuildPhase;
			buildActionMask = 2147483647;
			files = (
				04E3210BCB15320206618A41 /* Pods_FireBotsTests.framework in Frameworks */,
			);
			runOnlyForDeploymentPostprocessing = 0;
		};
		84A6B6681F7DEE9700FD7575 /* Frameworks */ = {
			isa = PBXFrameworksBuildPhase;
			buildActionMask = 2147483647;
			files = (
				1F8798331F998E3D56D094EF /* Pods_FireBotsUITests.framework in Frameworks */,
			);
			runOnlyForDeploymentPostprocessing = 0;
		};
/* End PBXFrameworksBuildPhase section */

/* Begin PBXGroup section */
		1166FCFB251C30DFB9E0CAA6 /* Frameworks */ = {
			isa = PBXGroup;
			children = (
				4B729381B94A41F5B402E2F5 /* Pods_FireBots.framework */,
				BC2B6F008FF6956717CC4116 /* Pods_FireBotsTests.framework */,
				1AE94F6A664AAACE401C36AF /* Pods_FireBotsUITests.framework */,
			);
			name = Frameworks;
			sourceTree = "<group>";
		};
		8487FB8C1F7DF9B500D9A104 /* Login */ = {
			isa = PBXGroup;
			children = (
				8487FB8F1F7DFA8F00D9A104 /* Login.storyboard */,
				8487FB921F7DFAEE00D9A104 /* LoginViewController.swift */,
			);
			name = Login;
			sourceTree = "<group>";
		};
		8487FB951F7DFD0300D9A104 /* Extensions */ = {
			isa = PBXGroup;
			children = (
				8487FB971F7DFD4F00D9A104 /* Date+Localized.swift */,
				8487FB961F7DFD4F00D9A104 /* Date+ISO.swift */,
				8487FB981F7DFD4F00D9A104 /* Int+Localised.swift */,
				8487FB991F7DFD4F00D9A104 /* PHPhotoLibrary+SaveImage.swift */,
				8487FB9B1F7DFD4F00D9A104 /* UIColor+Hex.swift */,
				8487FB9C1F7DFD4F00D9A104 /* UIColor+Image.swift */,
				8487FB9D1F7DFD4F00D9A104 /* UIImage+Alpha.swift */,
				8487FB9E1F7DFD4F00D9A104 /* UIImage+Crop.swift */,
				8487FB9F1F7DFD4F00D9A104 /* UIImage+Gif.swift */,
				8487FBA01F7DFD4F00D9A104 /* UIImage+Resize.swift */,
				8487FBA11F7DFD4F00D9A104 /* UIImageView+Download.swift */,
				8487FBA21F7DFD4F00D9A104 /* UIImageView+FIRStorageCache.swift */,
				8487FBA31F7DFD4F00D9A104 /* UIView+Rotate.swift */,
				8487FBA41F7DFD4F00D9A104 /* UIViewController+Alert.swift */,
				8487FBA51F7DFD4F00D9A104 /* UIViewController+Keyboard.swift */,
				8487FBA61F7DFD4F00D9A104 /* UIViewController+MainViewController.swift */,
				8487FBA71F7DFD4F00D9A104 /* UIViewController+OpenMap.swift */,
			);
			name = Extensions;
			sourceTree = "<group>";
		};
		8487FBBB1F7E021100D9A104 /* Views */ = {
			isa = PBXGroup;
			children = (
				8487FBBC1F7E027A00D9A104 /* Button.swift */,
				8487FBBD1F7E027A00D9A104 /* CheckboxButton.swift */,
				8487FBBE1F7E027A00D9A104 /* CircleImageView.swift */,
				8487FBBF1F7E027A00D9A104 /* FormView.swift */,
				8487FBC01F7E027A00D9A104 /* PaddingLabel.swift */,
				8487FBC11F7E027A00D9A104 /* TextField.swift */,
				8487FBC21F7E027A00D9A104 /* TextFieldValidation.swift */,
			);
			name = Views;
			sourceTree = "<group>";
		};
		8487FBD11F7E031E00D9A104 /* Firebase */ = {
			isa = PBXGroup;
			children = (
				8487FBD21F7E032A00D9A104 /* FBChatroom.swift */,
				8487FBD31F7E032A00D9A104 /* FBConstant.swift */,
				8487FBD41F7E032A00D9A104 /* FBUser.swift */,
			);
			name = Firebase;
			sourceTree = "<group>";
		};
		8487FBD81F7E035C00D9A104 /* Validations */ = {
			isa = PBXGroup;
			children = (
				8487FBD91F7E037500D9A104 /* InputValidation.swift */,
				8487FBDA1F7E037500D9A104 /* ValidationOption.swift */,
			);
			name = Validations;
			sourceTree = "<group>";
		};
		8487FBDD1F7E039B00D9A104 /* Models */ = {
			isa = PBXGroup;
			children = (
				8487FBDF1F7E03CE00D9A104 /* User.swift */,
			);
			name = Models;
			sourceTree = "<group>";
		};
		8487FBE21F7E15A400D9A104 /* Chat */ = {
			isa = PBXGroup;
			children = (
				8487FBE31F7E15BA00D9A104 /* Chat.storyboard */,
				8487FBE61F7E15BA00D9A104 /* ChatroomViewController.swift */,
				8487FBE71F7E15BA00D9A104 /* ChatViewController.swift */,
				8487FBE41F7E15BA00D9A104 /* ChatGalleryDataSource.swift */,
				8487FBEB1F7E15BA00D9A104 /* Message.swift */,
				8487FBEC1F7E15BA00D9A104 /* PhotoMediaItem.swift */,
				8487FBE51F7E15BA00D9A104 /* ChatroomCell.swift */,
			);
			name = Chat;
			sourceTree = "<group>";
		};
		84A6B6431F7DEE9700FD7575 = {
			isa = PBXGroup;
			children = (
				84A6B64E1F7DEE9700FD7575 /* FireBots */,
				84A6B6631F7DEE9700FD7575 /* FireBotsTests */,
				84A6B66E1F7DEE9700FD7575 /* FireBotsUITests */,
				84A6B64D1F7DEE9700FD7575 /* Products */,
				F967FA5AC6E4A8550DFC2872 /* Pods */,
				1166FCFB251C30DFB9E0CAA6 /* Frameworks */,
			);
			sourceTree = "<group>";
		};
		84A6B64D1F7DEE9700FD7575 /* Products */ = {
			isa = PBXGroup;
			children = (
				84A6B64C1F7DEE9700FD7575 /* FireBots.app */,
				84A6B6601F7DEE9700FD7575 /* FireBotsTests.xctest */,
				84A6B66B1F7DEE9700FD7575 /* FireBotsUITests.xctest */,
			);
			name = Products;
			sourceTree = "<group>";
		};
		84A6B64E1F7DEE9700FD7575 /* FireBots */ = {
			isa = PBXGroup;
			children = (
				84A6B64F1F7DEE9700FD7575 /* AppDelegate.swift */,
				84A6B6581F7DEE9700FD7575 /* LaunchScreen.storyboard */,
				8487FBF71F7E2EE400D9A104 /* SplashScreen.storyboard */,
				8487FB881F7DF91800D9A104 /* SplashScreenViewController.swift */,
				8487FB8A1F7DF92F00D9A104 /* MainViewController.swift */,
				8487FB8C1F7DF9B500D9A104 /* Login */,
				8487FBE21F7E15A400D9A104 /* Chat */,
				8487FBDD1F7E039B00D9A104 /* Models */,
				8487FB951F7DFD0300D9A104 /* Extensions */,
				8487FBBB1F7E021100D9A104 /* Views */,
				8487FBD81F7E035C00D9A104 /* Validations */,
				8487FBD11F7E031E00D9A104 /* Firebase */,
				84A6B6561F7DEE9700FD7575 /* Assets.xcassets */,
				8487FBCA1F7E02B100D9A104 /* Constants.swift */,
				8487FBCB1F7E02B100D9A104 /* FIRStorageCache.swift */,
				8487FBCC1F7E02B100D9A104 /* Style.swift */,
				8487FBD01F7E02F000D9A104 /* BebasNeue.otf */,
				84A6B65B1F7DEE9700FD7575 /* Info.plist */,
				8487FB841F7DF60700D9A104 /* GoogleService-Info.plist */,
			);
			path = FireBots;
			sourceTree = "<group>";
		};
		84A6B6631F7DEE9700FD7575 /* FireBotsTests */ = {
			isa = PBXGroup;
			children = (
				84A6B6641F7DEE9700FD7575 /* FireBotsTests.swift */,
				84A6B6661F7DEE9700FD7575 /* Info.plist */,
			);
			path = FireBotsTests;
			sourceTree = "<group>";
		};
		84A6B66E1F7DEE9700FD7575 /* FireBotsUITests */ = {
			isa = PBXGroup;
			children = (
				84A6B66F1F7DEE9700FD7575 /* FireBotsUITests.swift */,
				84A6B6711F7DEE9700FD7575 /* Info.plist */,
			);
			path = FireBotsUITests;
			sourceTree = "<group>";
		};
		F967FA5AC6E4A8550DFC2872 /* Pods */ = {
			isa = PBXGroup;
			children = (
				1230600C4D99F283689A806C /* Pods-FireBots.debug.xcconfig */,
				1B3A0B231511C729A0359CF4 /* Pods-FireBots.release.xcconfig */,
				7B034E6496764C1DF3CB0525 /* Pods-FireBotsTests.debug.xcconfig */,
				F0872C549F137510FED1C422 /* Pods-FireBotsTests.release.xcconfig */,
				56D004A1C65A597AB089E40F /* Pods-FireBotsUITests.debug.xcconfig */,
				76883BB52037149E8E3E3465 /* Pods-FireBotsUITests.release.xcconfig */,
			);
			name = Pods;
			sourceTree = "<group>";
		};
/* End PBXGroup section */

/* Begin PBXNativeTarget section */
		84A6B64B1F7DEE9700FD7575 /* FireBots */ = {
			isa = PBXNativeTarget;
			buildConfigurationList = 84A6B6741F7DEE9700FD7575 /* Build configuration list for PBXNativeTarget "FireBots" */;
			buildPhases = (
				EDDA3D5CD051BBA15CF6BDE3 /* [CP] Check Pods Manifest.lock */,
				84A6B6481F7DEE9700FD7575 /* Sources */,
				84A6B6491F7DEE9700FD7575 /* Frameworks */,
				84A6B64A1F7DEE9700FD7575 /* Resources */,
				16C08755CDA7FEF9CE68CB6F /* [CP] Embed Pods Frameworks */,
				2FD68198CEB5F1E443199CE2 /* [CP] Copy Pods Resources */,
			);
			buildRules = (
			);
			dependencies = (
			);
			name = FireBots;
			productName = FireBots;
			productReference = 84A6B64C1F7DEE9700FD7575 /* FireBots.app */;
			productType = "com.apple.product-type.application";
		};
		84A6B65F1F7DEE9700FD7575 /* FireBotsTests */ = {
			isa = PBXNativeTarget;
			buildConfigurationList = 84A6B6771F7DEE9700FD7575 /* Build configuration list for PBXNativeTarget "FireBotsTests" */;
			buildPhases = (
				78ED8918D7FF95F4B4C44733 /* [CP] Check Pods Manifest.lock */,
				84A6B65C1F7DEE9700FD7575 /* Sources */,
				84A6B65D1F7DEE9700FD7575 /* Frameworks */,
				84A6B65E1F7DEE9700FD7575 /* Resources */,
				E692B4B5CCD7D194FC48D885 /* [CP] Embed Pods Frameworks */,
				DA123BD96D88A9B116275F07 /* [CP] Copy Pods Resources */,
			);
			buildRules = (
			);
			dependencies = (
				84A6B6621F7DEE9700FD7575 /* PBXTargetDependency */,
			);
			name = FireBotsTests;
			productName = FireBotsTests;
			productReference = 84A6B6601F7DEE9700FD7575 /* FireBotsTests.xctest */;
			productType = "com.apple.product-type.bundle.unit-test";
		};
		84A6B66A1F7DEE9700FD7575 /* FireBotsUITests */ = {
			isa = PBXNativeTarget;
			buildConfigurationList = 84A6B67A1F7DEE9700FD7575 /* Build configuration list for PBXNativeTarget "FireBotsUITests" */;
			buildPhases = (
				8B30F15E7BD60042BE908D79 /* [CP] Check Pods Manifest.lock */,
				84A6B6671F7DEE9700FD7575 /* Sources */,
				84A6B6681F7DEE9700FD7575 /* Frameworks */,
				84A6B6691F7DEE9700FD7575 /* Resources */,
				A7972E51F13516742799B081 /* [CP] Embed Pods Frameworks */,
				9B5C4552FC297FEFDD5496F0 /* [CP] Copy Pods Resources */,
			);
			buildRules = (
			);
			dependencies = (
				84A6B66D1F7DEE9700FD7575 /* PBXTargetDependency */,
			);
			name = FireBotsUITests;
			productName = FireBotsUITests;
			productReference = 84A6B66B1F7DEE9700FD7575 /* FireBotsUITests.xctest */;
			productType = "com.apple.product-type.bundle.ui-testing";
		};
/* End PBXNativeTarget section */

/* Begin PBXProject section */
		84A6B6441F7DEE9700FD7575 /* Project object */ = {
			isa = PBXProject;
			attributes = {
				LastSwiftUpdateCheck = 0830;
				LastUpgradeCheck = 0830;
				ORGANIZATIONNAME = "Mobile Computing Lab";
				TargetAttributes = {
					84A6B64B1F7DEE9700FD7575 = {
						CreatedOnToolsVersion = 8.3.2;
						DevelopmentTeam = 65PKPTRG94;
						ProvisioningStyle = Automatic;
					};
					84A6B65F1F7DEE9700FD7575 = {
						CreatedOnToolsVersion = 8.3.2;
						ProvisioningStyle = Automatic;
						TestTargetID = 84A6B64B1F7DEE9700FD7575;
					};
					84A6B66A1F7DEE9700FD7575 = {
						CreatedOnToolsVersion = 8.3.2;
						ProvisioningStyle = Automatic;
						TestTargetID = 84A6B64B1F7DEE9700FD7575;
					};
				};
			};
			buildConfigurationList = 84A6B6471F7DEE9700FD7575 /* Build configuration list for PBXProject "FireBots" */;
			compatibilityVersion = "Xcode 3.2";
			developmentRegion = English;
			hasScannedForEncodings = 0;
			knownRegions = (
				en,
				Base,
			);
			mainGroup = 84A6B6431F7DEE9700FD7575;
			productRefGroup = 84A6B64D1F7DEE9700FD7575 /* Products */;
			projectDirPath = "";
			projectRoot = "";
			targets = (
				84A6B64B1F7DEE9700FD7575 /* FireBots */,
				84A6B65F1F7DEE9700FD7575 /* FireBotsTests */,
				84A6B66A1F7DEE9700FD7575 /* FireBotsUITests */,
			);
		};
/* End PBXProject section */

/* Begin PBXResourcesBuildPhase section */
		84A6B64A1F7DEE9700FD7575 /* Resources */ = {
			isa = PBXResourcesBuildPhase;
			buildActionMask = 2147483647;
			files = (
				8487FBED1F7E15BA00D9A104 /* Chat.storyboard in Resources */,
				8487FBF91F7E2EE400D9A104 /* SplashScreen.storyboard in Resources */,
				84A6B65A1F7DEE9700FD7575 /* LaunchScreen.storyboard in Resources */,
				8487FB851F7DF60700D9A104 /* GoogleService-Info.plist in Resources */,
				84A6B6571F7DEE9700FD7575 /* Assets.xcassets in Resources */,
				8487FB901F7DFA8F00D9A104 /* Login.storyboard in Resources */,
			);
			runOnlyForDeploymentPostprocessing = 0;
		};
		84A6B65E1F7DEE9700FD7575 /* Resources */ = {
			isa = PBXResourcesBuildPhase;
			buildActionMask = 2147483647;
			files = (
			);
			runOnlyForDeploymentPostprocessing = 0;
		};
		84A6B6691F7DEE9700FD7575 /* Resources */ = {
			isa = PBXResourcesBuildPhase;
			buildActionMask = 2147483647;
			files = (
			);
			runOnlyForDeploymentPostprocessing = 0;
		};
/* End PBXResourcesBuildPhase section */

/* Begin PBXShellScriptBuildPhase section */
		16C08755CDA7FEF9CE68CB6F /* [CP] Embed Pods Frameworks */ = {
			isa = PBXShellScriptBuildPhase;
			buildActionMask = 2147483647;
			files = (
			);
			inputPaths = (
			);
			name = "[CP] Embed Pods Frameworks";
			outputPaths = (
			);
			runOnlyForDeploymentPostprocessing = 0;
			shellPath = /bin/sh;
			shellScript = "\"${SRCROOT}/Pods/Target Support Files/Pods-FireBots/Pods-FireBots-frameworks.sh\"\n";
			showEnvVarsInLog = 0;
		};
		2FD68198CEB5F1E443199CE2 /* [CP] Copy Pods Resources */ = {
			isa = PBXShellScriptBuildPhase;
			buildActionMask = 2147483647;
			files = (
			);
			inputPaths = (
			);
			name = "[CP] Copy Pods Resources";
			outputPaths = (
			);
			runOnlyForDeploymentPostprocessing = 0;
			shellPath = /bin/sh;
			shellScript = "\"${SRCROOT}/Pods/Target Support Files/Pods-FireBots/Pods-FireBots-resources.sh\"\n";
			showEnvVarsInLog = 0;
		};
		78ED8918D7FF95F4B4C44733 /* [CP] Check Pods Manifest.lock */ = {
			isa = PBXShellScriptBuildPhase;
			buildActionMask = 2147483647;
			files = (
			);
			inputPaths = (
			);
			name = "[CP] Check Pods Manifest.lock";
			outputPaths = (
			);
			runOnlyForDeploymentPostprocessing = 0;
			shellPath = /bin/sh;
			shellScript = "diff \"${PODS_PODFILE_DIR_PATH}/Podfile.lock\" \"${PODS_ROOT}/Manifest.lock\" > /dev/null\nif [ $? != 0 ] ; then\n    # print error to STDERR\n    echo \"error: The sandbox is not in sync with the Podfile.lock. Run 'pod install' or update your CocoaPods installation.\" >&2\n    exit 1\nfi\n";
			showEnvVarsInLog = 0;
		};
		8B30F15E7BD60042BE908D79 /* [CP] Check Pods Manifest.lock */ = {
			isa = PBXShellScriptBuildPhase;
			buildActionMask = 2147483647;
			files = (
			);
			inputPaths = (
			);
			name = "[CP] Check Pods Manifest.lock";
			outputPaths = (
			);
			runOnlyForDeploymentPostprocessing = 0;
			shellPath = /bin/sh;
			shellScript = "diff \"${PODS_PODFILE_DIR_PATH}/Podfile.lock\" \"${PODS_ROOT}/Manifest.lock\" > /dev/null\nif [ $? != 0 ] ; then\n    # print error to STDERR\n    echo \"error: The sandbox is not in sync with the Podfile.lock. Run 'pod install' or update your CocoaPods installation.\" >&2\n    exit 1\nfi\n";
			showEnvVarsInLog = 0;
		};
		9B5C4552FC297FEFDD5496F0 /* [CP] Copy Pods Resources */ = {
			isa = PBXShellScriptBuildPhase;
			buildActionMask = 2147483647;
			files = (
			);
			inputPaths = (
			);
			name = "[CP] Copy Pods Resources";
			outputPaths = (
			);
			runOnlyForDeploymentPostprocessing = 0;
			shellPath = /bin/sh;
			shellScript = "\"${SRCROOT}/Pods/Target Support Files/Pods-FireBotsUITests/Pods-FireBotsUITests-resources.sh\"\n";
			showEnvVarsInLog = 0;
		};
		A7972E51F13516742799B081 /* [CP] Embed Pods Frameworks */ = {
			isa = PBXShellScriptBuildPhase;
			buildActionMask = 2147483647;
			files = (
			);
			inputPaths = (
			);
			name = "[CP] Embed Pods Frameworks";
			outputPaths = (
			);
			runOnlyForDeploymentPostprocessing = 0;
			shellPath = /bin/sh;
			shellScript = "\"${SRCROOT}/Pods/Target Support Files/Pods-FireBotsUITests/Pods-FireBotsUITests-frameworks.sh\"\n";
			showEnvVarsInLog = 0;
		};
		DA123BD96D88A9B116275F07 /* [CP] Copy Pods Resources */ = {
			isa = PBXShellScriptBuildPhase;
			buildActionMask = 2147483647;
			files = (
			);
			inputPaths = (
			);
			name = "[CP] Copy Pods Resources";
			outputPaths = (
			);
			runOnlyForDeploymentPostprocessing = 0;
			shellPath = /bin/sh;
			shellScript = "\"${SRCROOT}/Pods/Target Support Files/Pods-FireBotsTests/Pods-FireBotsTests-resources.sh\"\n";
			showEnvVarsInLog = 0;
		};
		E692B4B5CCD7D194FC48D885 /* [CP] Embed Pods Frameworks */ = {
			isa = PBXShellScriptBuildPhase;
			buildActionMask = 2147483647;
			files = (
			);
			inputPaths = (
			);
			name = "[CP] Embed Pods Frameworks";
			outputPaths = (
			);
			runOnlyForDeploymentPostprocessing = 0;
			shellPath = /bin/sh;
			shellScript = "\"${SRCROOT}/Pods/Target Support Files/Pods-FireBotsTests/Pods-FireBotsTests-frameworks.sh\"\n";
			showEnvVarsInLog = 0;
		};
		EDDA3D5CD051BBA15CF6BDE3 /* [CP] Check Pods Manifest.lock */ = {
			isa = PBXShellScriptBuildPhase;
			buildActionMask = 2147483647;
			files = (
			);
			inputPaths = (
			);
			name = "[CP] Check Pods Manifest.lock";
			outputPaths = (
			);
			runOnlyForDeploymentPostprocessing = 0;
			shellPath = /bin/sh;
			shellScript = "diff \"${PODS_PODFILE_DIR_PATH}/Podfile.lock\" \"${PODS_ROOT}/Manifest.lock\" > /dev/null\nif [ $? != 0 ] ; then\n    # print error to STDERR\n    echo \"error: The sandbox is not in sync with the Podfile.lock. Run 'pod install' or update your CocoaPods installation.\" >&2\n    exit 1\nfi\n";
			showEnvVarsInLog = 0;
		};
/* End PBXShellScriptBuildPhase section */

/* Begin PBXSourcesBuildPhase section */
		84A6B6481F7DEE9700FD7575 /* Sources */ = {
			isa = PBXSourcesBuildPhase;
			buildActionMask = 2147483647;
			files = (
				8487FB941F7DFAEE00D9A104 /* LoginViewController.swift in Sources */,
				8487FBAB1F7DFD4F00D9A104 /* PHPhotoLibrary+SaveImage.swift in Sources */,
				8487FBD71F7E032A00D9A104 /* FBUser.swift in Sources */,
				8487FBF61F7E15BA00D9A104 /* PhotoMediaItem.swift in Sources */,
				8487FBC81F7E027A00D9A104 /* TextField.swift in Sources */,
				8487FBB41F7DFD4F00D9A104 /* UIImageView+FIRStorageCache.swift in Sources */,
				84A6B6501F7DEE9700FD7575 /* AppDelegate.swift in Sources */,
				8487FBCD1F7E02B100D9A104 /* Constants.swift in Sources */,
				8487FBB61F7DFD4F00D9A104 /* UIViewController+Alert.swift in Sources */,
				8487FBD61F7E032A00D9A104 /* FBConstant.swift in Sources */,
				8487FBAA1F7DFD4F00D9A104 /* Int+Localised.swift in Sources */,
				8487FB891F7DF91800D9A104 /* SplashScreenViewController.swift in Sources */,
				8487FBEF1F7E15BA00D9A104 /* ChatroomCell.swift in Sources */,
				8487FB8B1F7DF92F00D9A104 /* MainViewController.swift in Sources */,
				8487FBB01F7DFD4F00D9A104 /* UIImage+Crop.swift in Sources */,
				8487FBAE1F7DFD4F00D9A104 /* UIColor+Image.swift in Sources */,
				8487FBD51F7E032A00D9A104 /* FBChatroom.swift in Sources */,
				8487FBE11F7E03CE00D9A104 /* User.swift in Sources */,
				8487FBEE1F7E15BA00D9A104 /* ChatGalleryDataSource.swift in Sources */,
				8487FBB71F7DFD4F00D9A104 /* UIViewController+Keyboard.swift in Sources */,
				8487FBAF1F7DFD4F00D9A104 /* UIImage+Alpha.swift in Sources */,
				8487FBC31F7E027A00D9A104 /* Button.swift in Sources */,
				8487FBF51F7E15BA00D9A104 /* Message.swift in Sources */,
				8487FBC61F7E027A00D9A104 /* FormView.swift in Sources */,
				8487FBC91F7E027A00D9A104 /* TextFieldValidation.swift in Sources */,
				8487FBF01F7E15BA00D9A104 /* ChatroomViewController.swift in Sources */,
				8487FBB51F7DFD4F00D9A104 /* UIView+Rotate.swift in Sources */,
				8487FBB31F7DFD4F00D9A104 /* UIImageView+Download.swift in Sources */,
				8487FBB91F7DFD4F00D9A104 /* UIViewController+OpenMap.swift in Sources */,
				8487FBCE1F7E02B100D9A104 /* FIRStorageCache.swift in Sources */,
				8487FBDC1F7E037500D9A104 /* ValidationOption.swift in Sources */,
				8487FBC71F7E027A00D9A104 /* PaddingLabel.swift in Sources */,
				8487FBC51F7E027A00D9A104 /* CircleImageView.swift in Sources */,
				8487FBAD1F7DFD4F00D9A104 /* UIColor+Hex.swift in Sources */,
				8487FBA81F7DFD4F00D9A104 /* Date+ISO.swift in Sources */,
				8487FBB81F7DFD4F00D9A104 /* UIViewController+MainViewController.swift in Sources */,
				8487FBC41F7E027A00D9A104 /* CheckboxButton.swift in Sources */,
				8487FBB21F7DFD4F00D9A104 /* UIImage+Resize.swift in Sources */,
				8487FBCF1F7E02B100D9A104 /* Style.swift in Sources */,
				8487FBDB1F7E037500D9A104 /* InputValidation.swift in Sources */,
				8487FBB11F7DFD4F00D9A104 /* UIImage+Gif.swift in Sources */,
				8487FBF11F7E15BA00D9A104 /* ChatViewController.swift in Sources */,
				8487FBA91F7DFD4F00D9A104 /* Date+Localized.swift in Sources */,
			);
			runOnlyForDeploymentPostprocessing = 0;
		};
		84A6B65C1F7DEE9700FD7575 /* Sources */ = {
			isa = PBXSourcesBuildPhase;
			buildActionMask = 2147483647;
			files = (
				84A6B6651F7DEE9700FD7575 /* FireBotsTests.swift in Sources */,
			);
			runOnlyForDeploymentPostprocessing = 0;
		};
		84A6B6671F7DEE9700FD7575 /* Sources */ = {
			isa = PBXSourcesBuildPhase;
			buildActionMask = 2147483647;
			files = (
				84A6B6701F7DEE9700FD7575 /* FireBotsUITests.swift in Sources */,
			);
			runOnlyForDeploymentPostprocessing = 0;
		};
/* End PBXSourcesBuildPhase section */

/* Begin PBXTargetDependency section */
		84A6B6621F7DEE9700FD7575 /* PBXTargetDependency */ = {
			isa = PBXTargetDependency;
			target = 84A6B64B1F7DEE9700FD7575 /* FireBots */;
			targetProxy = 84A6B6611F7DEE9700FD7575 /* PBXContainerItemProxy */;
		};
		84A6B66D1F7DEE9700FD7575 /* PBXTargetDependency */ = {
			isa = PBXTargetDependency;
			target = 84A6B64B1F7DEE9700FD7575 /* FireBots */;
			targetProxy = 84A6B66C1F7DEE9700FD7575 /* PBXContainerItemProxy */;
		};
/* End PBXTargetDependency section */

/* Begin PBXVariantGroup section */
		8487FBF71F7E2EE400D9A104 /* SplashScreen.storyboard */ = {
			isa = PBXVariantGroup;
			children = (
				8487FBF81F7E2EE400D9A104 /* Base */,
			);
			name = SplashScreen.storyboard;
			sourceTree = "<group>";
		};
		84A6B6581F7DEE9700FD7575 /* LaunchScreen.storyboard */ = {
			isa = PBXVariantGroup;
			children = (
				84A6B6591F7DEE9700FD7575 /* Base */,
			);
			name = LaunchScreen.storyboard;
			sourceTree = "<group>";
		};
/* End PBXVariantGroup section */

/* Begin XCBuildConfiguration section */
		84A6B6721F7DEE9700FD7575 /* Debug */ = {
			isa = XCBuildConfiguration;
			buildSettings = {
				ALWAYS_SEARCH_USER_PATHS = NO;
				CLANG_ANALYZER_NONNULL = YES;
				CLANG_ANALYZER_NUMBER_OBJECT_CONVERSION = YES_AGGRESSIVE;
				CLANG_CXX_LANGUAGE_STANDARD = "gnu++0x";
				CLANG_CXX_LIBRARY = "libc++";
				CLANG_ENABLE_MODULES = YES;
				CLANG_ENABLE_OBJC_ARC = YES;
				CLANG_WARN_BOOL_CONVERSION = YES;
				CLANG_WARN_CONSTANT_CONVERSION = YES;
				CLANG_WARN_DIRECT_OBJC_ISA_USAGE = YES_ERROR;
				CLANG_WARN_DOCUMENTATION_COMMENTS = YES;
				CLANG_WARN_EMPTY_BODY = YES;
				CLANG_WARN_ENUM_CONVERSION = YES;
				CLANG_WARN_INFINITE_RECURSION = YES;
				CLANG_WARN_INT_CONVERSION = YES;
				CLANG_WARN_OBJC_ROOT_CLASS = YES_ERROR;
				CLANG_WARN_SUSPICIOUS_MOVE = YES;
				CLANG_WARN_UNREACHABLE_CODE = YES;
				CLANG_WARN__DUPLICATE_METHOD_MATCH = YES;
				"CODE_SIGN_IDENTITY[sdk=iphoneos*]" = "iPhone Developer";
				COPY_PHASE_STRIP = NO;
				DEBUG_INFORMATION_FORMAT = dwarf;
				ENABLE_STRICT_OBJC_MSGSEND = YES;
				ENABLE_TESTABILITY = YES;
				GCC_C_LANGUAGE_STANDARD = gnu99;
				GCC_DYNAMIC_NO_PIC = NO;
				GCC_NO_COMMON_BLOCKS = YES;
				GCC_OPTIMIZATION_LEVEL = 0;
				GCC_PREPROCESSOR_DEFINITIONS = (
					"DEBUG=1",
					"$(inherited)",
				);
				GCC_WARN_64_TO_32_BIT_CONVERSION = YES;
				GCC_WARN_ABOUT_RETURN_TYPE = YES_ERROR;
				GCC_WARN_UNDECLARED_SELECTOR = YES;
				GCC_WARN_UNINITIALIZED_AUTOS = YES_AGGRESSIVE;
				GCC_WARN_UNUSED_FUNCTION = YES;
				GCC_WARN_UNUSED_VARIABLE = YES;
				IPHONEOS_DEPLOYMENT_TARGET = 10.3;
				MTL_ENABLE_DEBUG_INFO = YES;
				ONLY_ACTIVE_ARCH = YES;
				SDKROOT = iphoneos;
				SWIFT_ACTIVE_COMPILATION_CONDITIONS = DEBUG;
				SWIFT_OPTIMIZATION_LEVEL = "-Onone";
			};
			name = Debug;
		};
		84A6B6731F7DEE9700FD7575 /* Release */ = {
			isa = XCBuildConfiguration;
			buildSettings = {
				ALWAYS_SEARCH_USER_PATHS = NO;
				CLANG_ANALYZER_NONNULL = YES;
				CLANG_ANALYZER_NUMBER_OBJECT_CONVERSION = YES_AGGRESSIVE;
				CLANG_CXX_LANGUAGE_STANDARD = "gnu++0x";
				CLANG_CXX_LIBRARY = "libc++";
				CLANG_ENABLE_MODULES = YES;
				CLANG_ENABLE_OBJC_ARC = YES;
				CLANG_WARN_BOOL_CONVERSION = YES;
				CLANG_WARN_CONSTANT_CONVERSION = YES;
				CLANG_WARN_DIRECT_OBJC_ISA_USAGE = YES_ERROR;
				CLANG_WARN_DOCUMENTATION_COMMENTS = YES;
				CLANG_WARN_EMPTY_BODY = YES;
				CLANG_WARN_ENUM_CONVERSION = YES;
				CLANG_WARN_INFINITE_RECURSION = YES;
				CLANG_WARN_INT_CONVERSION = YES;
				CLANG_WARN_OBJC_ROOT_CLASS = YES_ERROR;
				CLANG_WARN_SUSPICIOUS_MOVE = YES;
				CLANG_WARN_UNREACHABLE_CODE = YES;
				CLANG_WARN__DUPLICATE_METHOD_MATCH = YES;
				"CODE_SIGN_IDENTITY[sdk=iphoneos*]" = "iPhone Developer";
				COPY_PHASE_STRIP = NO;
				DEBUG_INFORMATION_FORMAT = "dwarf-with-dsym";
				ENABLE_NS_ASSERTIONS = NO;
				ENABLE_STRICT_OBJC_MSGSEND = YES;
				GCC_C_LANGUAGE_STANDARD = gnu99;
				GCC_NO_COMMON_BLOCKS = YES;
				GCC_WARN_64_TO_32_BIT_CONVERSION = YES;
				GCC_WARN_ABOUT_RETURN_TYPE = YES_ERROR;
				GCC_WARN_UNDECLARED_SELECTOR = YES;
				GCC_WARN_UNINITIALIZED_AUTOS = YES_AGGRESSIVE;
				GCC_WARN_UNUSED_FUNCTION = YES;
				GCC_WARN_UNUSED_VARIABLE = YES;
				IPHONEOS_DEPLOYMENT_TARGET = 10.3;
				MTL_ENABLE_DEBUG_INFO = NO;
				SDKROOT = iphoneos;
				SWIFT_OPTIMIZATION_LEVEL = "-Owholemodule";
				VALIDATE_PRODUCT = YES;
			};
			name = Release;
		};
		84A6B6751F7DEE9700FD7575 /* Debug */ = {
			isa = XCBuildConfiguration;
			baseConfigurationReference = 1230600C4D99F283689A806C /* Pods-FireBots.debug.xcconfig */;
			buildSettings = {
				ASSETCATALOG_COMPILER_APPICON_NAME = AppIcon;
				DEVELOPMENT_TEAM = 65PKPTRG94;
				INFOPLIST_FILE = FireBots/Info.plist;
				LD_RUNPATH_SEARCH_PATHS = "$(inherited) @executable_path/Frameworks";
				PRODUCT_BUNDLE_IDENTIFIER = com.mobcomlab.FireBots;
				PRODUCT_NAME = "$(TARGET_NAME)";
				SWIFT_VERSION = 3.0;
			};
			name = Debug;
		};
		84A6B6761F7DEE9700FD7575 /* Release */ = {
			isa = XCBuildConfiguration;
			baseConfigurationReference = 1B3A0B231511C729A0359CF4 /* Pods-FireBots.release.xcconfig */;
			buildSettings = {
				ASSETCATALOG_COMPILER_APPICON_NAME = AppIcon;
				DEVELOPMENT_TEAM = 65PKPTRG94;
				INFOPLIST_FILE = FireBots/Info.plist;
				LD_RUNPATH_SEARCH_PATHS = "$(inherited) @executable_path/Frameworks";
				PRODUCT_BUNDLE_IDENTIFIER = com.mobcomlab.FireBots;
				PRODUCT_NAME = "$(TARGET_NAME)";
				SWIFT_VERSION = 3.0;
			};
			name = Release;
		};
		84A6B6781F7DEE9700FD7575 /* Debug */ = {
			isa = XCBuildConfiguration;
			baseConfigurationReference = 7B034E6496764C1DF3CB0525 /* Pods-FireBotsTests.debug.xcconfig */;
			buildSettings = {
				ALWAYS_EMBED_SWIFT_STANDARD_LIBRARIES = YES;
				BUNDLE_LOADER = "$(TEST_HOST)";
				INFOPLIST_FILE = FireBotsTests/Info.plist;
				LD_RUNPATH_SEARCH_PATHS = "$(inherited) @executable_path/Frameworks @loader_path/Frameworks";
				PRODUCT_BUNDLE_IDENTIFIER = com.mobcomlab.FireBotsTests;
				PRODUCT_NAME = "$(TARGET_NAME)";
				SWIFT_VERSION = 3.0;
				TEST_HOST = "$(BUILT_PRODUCTS_DIR)/FireBots.app/FireBots";
			};
			name = Debug;
		};
		84A6B6791F7DEE9700FD7575 /* Release */ = {
			isa = XCBuildConfiguration;
			baseConfigurationReference = F0872C549F137510FED1C422 /* Pods-FireBotsTests.release.xcconfig */;
			buildSettings = {
				ALWAYS_EMBED_SWIFT_STANDARD_LIBRARIES = YES;
				BUNDLE_LOADER = "$(TEST_HOST)";
				INFOPLIST_FILE = FireBotsTests/Info.plist;
				LD_RUNPATH_SEARCH_PATHS = "$(inherited) @executable_path/Frameworks @loader_path/Frameworks";
				PRODUCT_BUNDLE_IDENTIFIER = com.mobcomlab.FireBotsTests;
				PRODUCT_NAME = "$(TARGET_NAME)";
				SWIFT_VERSION = 3.0;
				TEST_HOST = "$(BUILT_PRODUCTS_DIR)/FireBots.app/FireBots";
			};
			name = Release;
		};
		84A6B67B1F7DEE9700FD7575 /* Debug */ = {
			isa = XCBuildConfiguration;
			baseConfigurationReference = 56D004A1C65A597AB089E40F /* Pods-FireBotsUITests.debug.xcconfig */;
			buildSettings = {
				ALWAYS_EMBED_SWIFT_STANDARD_LIBRARIES = YES;
				INFOPLIST_FILE = FireBotsUITests/Info.plist;
				LD_RUNPATH_SEARCH_PATHS = "$(inherited) @executable_path/Frameworks @loader_path/Frameworks";
				PRODUCT_BUNDLE_IDENTIFIER = com.mobcomlab.FireBotsUITests;
				PRODUCT_NAME = "$(TARGET_NAME)";
				SWIFT_VERSION = 3.0;
				TEST_TARGET_NAME = FireBots;
			};
			name = Debug;
		};
		84A6B67C1F7DEE9700FD7575 /* Release */ = {
			isa = XCBuildConfiguration;
			baseConfigurationReference = 76883BB52037149E8E3E3465 /* Pods-FireBotsUITests.release.xcconfig */;
			buildSettings = {
				ALWAYS_EMBED_SWIFT_STANDARD_LIBRARIES = YES;
				INFOPLIST_FILE = FireBotsUITests/Info.plist;
				LD_RUNPATH_SEARCH_PATHS = "$(inherited) @executable_path/Frameworks @loader_path/Frameworks";
				PRODUCT_BUNDLE_IDENTIFIER = com.mobcomlab.FireBotsUITests;
				PRODUCT_NAME = "$(TARGET_NAME)";
				SWIFT_VERSION = 3.0;
				TEST_TARGET_NAME = FireBots;
			};
			name = Release;
		};
/* End XCBuildConfiguration section */

/* Begin XCConfigurationList section */
		84A6B6471F7DEE9700FD7575 /* Build configuration list for PBXProject "FireBots" */ = {
			isa = XCConfigurationList;
			buildConfigurations = (
				84A6B6721F7DEE9700FD7575 /* Debug */,
				84A6B6731F7DEE9700FD7575 /* Release */,
			);
			defaultConfigurationIsVisible = 0;
			defaultConfigurationName = Release;
		};
		84A6B6741F7DEE9700FD7575 /* Build configuration list for PBXNativeTarget "FireBots" */ = {
			isa = XCConfigurationList;
			buildConfigurations = (
				84A6B6751F7DEE9700FD7575 /* Debug */,
				84A6B6761F7DEE9700FD7575 /* Release */,
			);
			defaultConfigurationIsVisible = 0;
			defaultConfigurationName = Release;
		};
		84A6B6771F7DEE9700FD7575 /* Build configuration list for PBXNativeTarget "FireBotsTests" */ = {
			isa = XCConfigurationList;
			buildConfigurations = (
				84A6B6781F7DEE9700FD7575 /* Debug */,
				84A6B6791F7DEE9700FD7575 /* Release */,
			);
			defaultConfigurationIsVisible = 0;
			defaultConfigurationName = Release;
		};
		84A6B67A1F7DEE9700FD7575 /* Build configuration list for PBXNativeTarget "FireBotsUITests" */ = {
			isa = XCConfigurationList;
			buildConfigurations = (
				84A6B67B1F7DEE9700FD7575 /* Debug */,
				84A6B67C1F7DEE9700FD7575 /* Release */,
			);
			defaultConfigurationIsVisible = 0;
			defaultConfigurationName = Release;
		};
/* End XCConfigurationList section */
	};
	rootObject = 84A6B6441F7DEE9700FD7575 /* Project object */;
}
